
Microsoft Visual Studio Solution File, Format Version 12.00
# Visual Studio 2012
Project("{FAE04EC0-301F-11D3-BF4B-00C04F79EFBC}") = "K5TOOL", "K5TOOL.csproj", "{ABAD75D8-08F4-4DAA-AE3A-3907DFC095A9}"
EndProject
Global
	GlobalSection(SolutionConfigurationPlatforms) = preSolution
		Debug|Any CPU = Debug|Any CPU
		Release|Any CPU = Release|Any CPU
	EndGlobalSection
	GlobalSection(ProjectConfigurationPlatforms) = postSolution
		{ABAD75D8-08F4-4DAA-AE3A-3907DFC095A9}.Debug|Any CPU.ActiveCfg = Debug|Any CPU
		{ABAD75D8-08F4-4DAA-AE3A-3907DFC095A9}.Debug|Any CPU.Build.0 = Debug|Any CPU
		{ABAD75D8-08F4-4DAA-AE3A-3907DFC095A9}.Release|Any CPU.ActiveCfg = Release|Any CPU
		{ABAD75D8-08F4-4DAA-AE3A-3907DFC095A9}.Release|Any CPU.Build.0 = Release|Any CPU
	EndGlobalSection
	GlobalSection(SolutionProperties) = preSolution
		HideSolutionNode = FALSE
	EndGlobalSection
EndGlobal
